
Microsoft Visual Studio Solution File, Format Version 12.00
# Visual Studio 15
VisualStudioVersion = 15.0.28307.960
MinimumVisualStudioVersion = 10.0.40219.1
Project("{2150E333-8FDC-42A3-9474-1A3956D46DE8}") = "DF", "DF", "{792895F7-73AF-41F3-B1A9-46D654816836}"
EndProject
Project("{2150E333-8FDC-42A3-9474-1A3956D46DE8}") = "00.Common", "00.Common", "{12E52318-91A7-46E0-8A18-0D8C5067961B}"
EndProject
Project("{2150E333-8FDC-42A3-9474-1A3956D46DE8}") = "10.UI", "10.UI", "{047DE5C7-76F9-4343-8CB8-4EC716E04718}"
EndProject
Project("{2150E333-8FDC-42A3-9474-1A3956D46DE8}") = "20.Biz", "20.Biz", "{D4A19A7D-9D35-43BE-8633-7B59B26B212F}"
EndProject
Project("{2150E333-8FDC-42A3-9474-1A3956D46DE8}") = "UW", "UW", "{6DE551AA-2F5D-4777-A9E5-CB6190320948}"
EndProject
Project("{2150E333-8FDC-42A3-9474-1A3956D46DE8}") = "00.Common", "00.Common", "{F6AFA230-B82B-431A-BC61-9F00A28914F8}"
EndProject
Project("{2150E333-8FDC-42A3-9474-1A3956D46DE8}") = "10.UI", "10.UI", "{1EBC26E4-61C8-4CEE-AA55-05DC55B96D25}"
EndProject
Project("{2150E333-8FDC-42A3-9474-1A3956D46DE8}") = "20.Biz", "20.Biz", "{F9DFF283-5097-4596-A4A1-D4A86E6C1F8D}"
EndProject
Project("{FAE04EC0-301F-11D3-BF4B-00C04F79EFBC}") = "MVVM", "MVVM\MVVM.csproj", "{59AB6DF9-47BB-4B4D-B75D-49F1E61AA4EB}"
EndProject
Project("{FAE04EC0-301F-11D3-BF4B-00C04F79EFBC}") = "DF_Common", "DF_Common\DF_Common.csproj", "{36134387-BFEE-41A3-A4E3-1F6B3397DA05}"
EndProject
Project("{FAE04EC0-301F-11D3-BF4B-00C04F79EFBC}") = "Main_UWP", "Main_UWP\Main_UWP.csproj", "{D6CE062F-7812-45B0-8115-797D2040F1A3}"
EndProject
Project("{FAE04EC0-301F-11D3-BF4B-00C04F79EFBC}") = "Main_Form", "Main_Form\Main_Form.csproj", "{86C2AC16-498D-4C76-B466-955087E842B8}"
EndProject
Project("{FAE04EC0-301F-11D3-BF4B-00C04F79EFBC}") = "BizLayer", "BizLayer\BizLayer.csproj", "{0776143D-6F56-4358-AE2A-48978E68265C}"
EndProject
Project("{FAE04EC0-301F-11D3-BF4B-00C04F79EFBC}") = "DACLayer", "DACLayer\DACLayer.csproj", "{13515954-2EB6-4B07-B93A-77437FC0B120}"
EndProject
Project("{FAE04EC0-301F-11D3-BF4B-00C04F79EFBC}") = "BizLayer_DF", "BizLayer_DF\BizLayer_DF.csproj", "{7A744059-AD7A-4BC6-BAC6-A46B6DD06206}"
EndProject
Project("{FAE04EC0-301F-11D3-BF4B-00C04F79EFBC}") = "DACLayer_DF", "DACLayer_DF\DACLayer_DF.csproj", "{CE66933B-42F6-4880-963B-43EE74675852}"
EndProject
Global
	GlobalSection(SolutionConfigurationPlatforms) = preSolution
		Debug|Any CPU = Debug|Any CPU
		Debug|ARM = Debug|ARM
		Debug|ARM64 = Debug|ARM64
		Debug|x64 = Debug|x64
		Debug|x86 = Debug|x86
		Release|Any CPU = Release|Any CPU
		Release|ARM = Release|ARM
		Release|ARM64 = Release|ARM64
		Release|x64 = Release|x64
		Release|x86 = Release|x86
	EndGlobalSection
	GlobalSection(ProjectConfigurationPlatforms) = postSolution
		{59AB6DF9-47BB-4B4D-B75D-49F1E61AA4EB}.Debug|Any CPU.ActiveCfg = Debug|Any CPU
		{59AB6DF9-47BB-4B4D-B75D-49F1E61AA4EB}.Debug|Any CPU.Build.0 = Debug|Any CPU
		{59AB6DF9-47BB-4B4D-B75D-49F1E61AA4EB}.Debug|ARM.ActiveCfg = Debug|ARM
		{59AB6DF9-47BB-4B4D-B75D-49F1E61AA4EB}.Debug|ARM.Build.0 = Debug|ARM
		{59AB6DF9-47BB-4B4D-B75D-49F1E61AA4EB}.Debug|ARM64.ActiveCfg = Debug|ARM64
		{59AB6DF9-47BB-4B4D-B75D-49F1E61AA4EB}.Debug|ARM64.Build.0 = Debug|ARM64
		{59AB6DF9-47BB-4B4D-B75D-49F1E61AA4EB}.Debug|x64.ActiveCfg = Debug|x64
		{59AB6DF9-47BB-4B4D-B75D-49F1E61AA4EB}.Debug|x64.Build.0 = Debug|x64
		{59AB6DF9-47BB-4B4D-B75D-49F1E61AA4EB}.Debug|x86.ActiveCfg = Debug|x86
		{59AB6DF9-47BB-4B4D-B75D-49F1E61AA4EB}.Debug|x86.Build.0 = Debug|x86
		{59AB6DF9-47BB-4B4D-B75D-49F1E61AA4EB}.Release|Any CPU.ActiveCfg = Release|Any CPU
		{59AB6DF9-47BB-4B4D-B75D-49F1E61AA4EB}.Release|Any CPU.Build.0 = Release|Any CPU
		{59AB6DF9-47BB-4B4D-B75D-49F1E61AA4EB}.Release|ARM.ActiveCfg = Release|ARM
		{59AB6DF9-47BB-4B4D-B75D-49F1E61AA4EB}.Release|ARM.Build.0 = Release|ARM
		{59AB6DF9-47BB-4B4D-B75D-49F1E61AA4EB}.Release|ARM64.ActiveCfg = Release|ARM64
		{59AB6DF9-47BB-4B4D-B75D-49F1E61AA4EB}.Release|ARM64.Build.0 = Release|ARM64
		{59AB6DF9-47BB-4B4D-B75D-49F1E61AA4EB}.Release|x64.ActiveCfg = Release|x64
		{59AB6DF9-47BB-4B4D-B75D-49F1E61AA4EB}.Release|x64.Build.0 = Release|x64
		{59AB6DF9-47BB-4B4D-B75D-49F1E61AA4EB}.Release|x86.ActiveCfg = Release|x86
		{59AB6DF9-47BB-4B4D-B75D-49F1E61AA4EB}.Release|x86.Build.0 = Release|x86
		{36134387-BFEE-41A3-A4E3-1F6B3397DA05}.Debug|Any CPU.ActiveCfg = Debug|Any CPU
		{36134387-BFEE-41A3-A4E3-1F6B3397DA05}.Debug|Any CPU.Build.0 = Debug|Any CPU
		{36134387-BFEE-41A3-A4E3-1F6B3397DA05}.Debug|ARM.ActiveCfg = Debug|Any CPU
		{36134387-BFEE-41A3-A4E3-1F6B3397DA05}.Debug|ARM.Build.0 = Debug|Any CPU
		{36134387-BFEE-41A3-A4E3-1F6B3397DA05}.Debug|ARM64.ActiveCfg = Debug|Any CPU
		{36134387-BFEE-41A3-A4E3-1F6B3397DA05}.Debug|ARM64.Build.0 = Debug|Any CPU
		{36134387-BFEE-41A3-A4E3-1F6B3397DA05}.Debug|x64.ActiveCfg = Debug|Any CPU
		{36134387-BFEE-41A3-A4E3-1F6B3397DA05}.Debug|x64.Build.0 = Debug|Any CPU
		{36134387-BFEE-41A3-A4E3-1F6B3397DA05}.Debug|x86.ActiveCfg = Debug|Any CPU
		{36134387-BFEE-41A3-A4E3-1F6B3397DA05}.Debug|x86.Build.0 = Debug|Any CPU
		{36134387-BFEE-41A3-A4E3-1F6B3397DA05}.Release|Any CPU.ActiveCfg = Release|Any CPU
		{36134387-BFEE-41A3-A4E3-1F6B3397DA05}.Release|Any CPU.Build.0 = Release|Any CPU
		{36134387-BFEE-41A3-A4E3-1F6B3397DA05}.Release|ARM.ActiveCfg = Release|Any CPU
		{36134387-BFEE-41A3-A4E3-1F6B3397DA05}.Release|ARM.Build.0 = Release|Any CPU
		{36134387-BFEE-41A3-A4E3-1F6B3397DA05}.Release|ARM64.ActiveCfg = Release|Any CPU
		{36134387-BFEE-41A3-A4E3-1F6B3397DA05}.Release|ARM64.Build.0 = Release|Any CPU
		{36134387-BFEE-41A3-A4E3-1F6B3397DA05}.Release|x64.ActiveCfg = Release|Any CPU
		{36134387-BFEE-41A3-A4E3-1F6B3397DA05}.Release|x64.Build.0 = Release|Any CPU
		{36134387-BFEE-41A3-A4E3-1F6B3397DA05}.Release|x86.ActiveCfg = Release|Any CPU
		{36134387-BFEE-41A3-A4E3-1F6B3397DA05}.Release|x86.Build.0 = Release|Any CPU
		{D6CE062F-7812-45B0-8115-797D2040F1A3}.Debug|Any CPU.ActiveCfg = Debug|x86
		{D6CE062F-7812-45B0-8115-797D2040F1A3}.Debug|Any CPU.Build.0 = Debug|x86
		{D6CE062F-7812-45B0-8115-797D2040F1A3}.Debug|Any CPU.Deploy.0 = Debug|x86
		{D6CE062F-7812-45B0-8115-797D2040F1A3}.Debug|ARM.ActiveCfg = Debug|ARM
		{D6CE062F-7812-45B0-8115-797D2040F1A3}.Debug|ARM.Build.0 = Debug|ARM
		{D6CE062F-7812-45B0-8115-797D2040F1A3}.Debug|ARM.Deploy.0 = Debug|ARM
		{D6CE062F-7812-45B0-8115-797D2040F1A3}.Debug|ARM64.ActiveCfg = Debug|ARM64
		{D6CE062F-7812-45B0-8115-797D2040F1A3}.Debug|ARM64.Build.0 = Debug|ARM64
		{D6CE062F-7812-45B0-8115-797D2040F1A3}.Debug|ARM64.Deploy.0 = Debug|ARM64
		{D6CE062F-7812-45B0-8115-797D2040F1A3}.Debug|x64.ActiveCfg = Debug|x64
		{D6CE062F-7812-45B0-8115-797D2040F1A3}.Debug|x64.Build.0 = Debug|x64
		{D6CE062F-7812-45B0-8115-797D2040F1A3}.Debug|x64.Deploy.0 = Debug|x64
		{D6CE062F-7812-45B0-8115-797D2040F1A3}.Debug|x86.ActiveCfg = Debug|x86
		{D6CE062F-7812-45B0-8115-797D2040F1A3}.Debug|x86.Build.0 = Debug|x86
		{D6CE062F-7812-45B0-8115-797D2040F1A3}.Debug|x86.Deploy.0 = Debug|x86
		{D6CE062F-7812-45B0-8115-797D2040F1A3}.Release|Any CPU.ActiveCfg = Release|x86
		{D6CE062F-7812-45B0-8115-797D2040F1A3}.Release|ARM.ActiveCfg = Release|ARM
		{D6CE062F-7812-45B0-8115-797D2040F1A3}.Release|ARM.Build.0 = Release|ARM
		{D6CE062F-7812-45B0-8115-797D2040F1A3}.Release|ARM.Deploy.0 = Release|ARM
		{D6CE062F-7812-45B0-8115-797D2040F1A3}.Release|ARM64.ActiveCfg = Release|ARM64
		{D6CE062F-7812-45B0-8115-797D2040F1A3}.Release|ARM64.Build.0 = Release|ARM64
		{D6CE062F-7812-45B0-8115-797D2040F1A3}.Release|ARM64.Deploy.0 = Release|ARM64
		{D6CE062F-7812-45B0-8115-797D2040F1A3}.Release|x64.ActiveCfg = Release|x64
		{D6CE062F-7812-45B0-8115-797D2040F1A3}.Release|x64.Build.0 = Release|x64
		{D6CE062F-7812-45B0-8115-797D2040F1A3}.Release|x64.Deploy.0 = Release|x64
		{D6CE062F-7812-45B0-8115-797D2040F1A3}.Release|x86.ActiveCfg = Release|x86
		{D6CE062F-7812-45B0-8115-797D2040F1A3}.Release|x86.Build.0 = Release|x86
		{D6CE062F-7812-45B0-8115-797D2040F1A3}.Release|x86.Deploy.0 = Release|x86
		{86C2AC16-498D-4C76-B466-955087E842B8}.Debug|Any CPU.ActiveCfg = Debug|Any CPU
		{86C2AC16-498D-4C76-B466-955087E842B8}.Debug|Any CPU.Build.0 = Debug|Any CPU
		{86C2AC16-498D-4C76-B466-955087E842B8}.Debug|ARM.ActiveCfg = Debug|Any CPU
		{86C2AC16-498D-4C76-B466-955087E842B8}.Debug|ARM.Build.0 = Debug|Any CPU
		{86C2AC16-498D-4C76-B466-955087E842B8}.Debug|ARM64.ActiveCfg = Debug|Any CPU
		{86C2AC16-498D-4C76-B466-955087E842B8}.Debug|ARM64.Build.0 = Debug|Any CPU
		{86C2AC16-498D-4C76-B466-955087E842B8}.Debug|x64.ActiveCfg = Debug|Any CPU
		{86C2AC16-498D-4C76-B466-955087E842B8}.Debug|x64.Build.0 = Debug|Any CPU
		{86C2AC16-498D-4C76-B466-955087E842B8}.Debug|x86.ActiveCfg = Debug|Any CPU
		{86C2AC16-498D-4C76-B466-955087E842B8}.Debug|x86.Build.0 = Debug|Any CPU
		{86C2AC16-498D-4C76-B466-955087E842B8}.Release|Any CPU.ActiveCfg = Release|Any CPU
		{86C2AC16-498D-4C76-B466-955087E842B8}.Release|Any CPU.Build.0 = Release|Any CPU
		{86C2AC16-498D-4C76-B466-955087E842B8}.Release|ARM.ActiveCfg = Release|Any CPU
		{86C2AC16-498D-4C76-B466-955087E842B8}.Release|ARM.Build.0 = Release|Any CPU
		{86C2AC16-498D-4C76-B466-955087E842B8}.Release|ARM64.ActiveCfg = Release|Any CPU
		{86C2AC16-498D-4C76-B466-955087E842B8}.Release|ARM64.Build.0 = Release|Any CPU
		{86C2AC16-498D-4C76-B466-955087E842B8}.Release|x64.ActiveCfg = Release|Any CPU
		{86C2AC16-498D-4C76-B466-955087E842B8}.Release|x64.Build.0 = Release|Any CPU
		{86C2AC16-498D-4C76-B466-955087E842B8}.Release|x86.ActiveCfg = Release|Any CPU
		{86C2AC16-498D-4C76-B466-955087E842B8}.Release|x86.Build.0 = Release|Any CPU
		{0776143D-6F56-4358-AE2A-48978E68265C}.Debug|Any CPU.ActiveCfg = Debug|Any CPU
		{0776143D-6F56-4358-AE2A-48978E68265C}.Debug|Any CPU.Build.0 = Debug|Any CPU
		{0776143D-6F56-4358-AE2A-48978E68265C}.Debug|ARM.ActiveCfg = Debug|ARM
		{0776143D-6F56-4358-AE2A-48978E68265C}.Debug|ARM.Build.0 = Debug|ARM
		{0776143D-6F56-4358-AE2A-48978E68265C}.Debug|ARM64.ActiveCfg = Debug|ARM64
		{0776143D-6F56-4358-AE2A-48978E68265C}.Debug|ARM64.Build.0 = Debug|ARM64
		{0776143D-6F56-4358-AE2A-48978E68265C}.Debug|x64.ActiveCfg = Debug|x64
		{0776143D-6F56-4358-AE2A-48978E68265C}.Debug|x64.Build.0 = Debug|x64
		{0776143D-6F56-4358-AE2A-48978E68265C}.Debug|x86.ActiveCfg = Debug|x86
		{0776143D-6F56-4358-AE2A-48978E68265C}.Debug|x86.Build.0 = Debug|x86
		{0776143D-6F56-4358-AE2A-48978E68265C}.Release|Any CPU.ActiveCfg = Release|Any CPU
		{0776143D-6F56-4358-AE2A-48978E68265C}.Release|Any CPU.Build.0 = Release|Any CPU
		{0776143D-6F56-4358-AE2A-48978E68265C}.Release|ARM.ActiveCfg = Release|ARM
		{0776143D-6F56-4358-AE2A-48978E68265C}.Release|ARM.Build.0 = Release|ARM
		{0776143D-6F56-4358-AE2A-48978E68265C}.Release|ARM64.ActiveCfg = Release|ARM64
		{0776143D-6F56-4358-AE2A-48978E68265C}.Release|ARM64.Build.0 = Release|ARM64
		{0776143D-6F56-4358-AE2A-48978E68265C}.Release|x64.ActiveCfg = Release|x64
		{0776143D-6F56-4358-AE2A-48978E68265C}.Release|x64.Build.0 = Release|x64
		{0776143D-6F56-4358-AE2A-48978E68265C}.Release|x86.ActiveCfg = Release|x86
		{0776143D-6F56-4358-AE2A-48978E68265C}.Release|x86.Build.0 = Release|x86
		{13515954-2EB6-4B07-B93A-77437FC0B120}.Debug|Any CPU.ActiveCfg = Debug|Any CPU
		{13515954-2EB6-4B07-B93A-77437FC0B120}.Debug|Any CPU.Build.0 = Debug|Any CPU
		{13515954-2EB6-4B07-B93A-77437FC0B120}.Debug|ARM.ActiveCfg = Debug|ARM
		{13515954-2EB6-4B07-B93A-77437FC0B120}.Debug|ARM.Build.0 = Debug|ARM
		{13515954-2EB6-4B07-B93A-77437FC0B120}.Debug|ARM64.ActiveCfg = Debug|ARM64
		{13515954-2EB6-4B07-B93A-77437FC0B120}.Debug|ARM64.Build.0 = Debug|ARM64
		{13515954-2EB6-4B07-B93A-77437FC0B120}.Debug|x64.ActiveCfg = Debug|x64
		{13515954-2EB6-4B07-B93A-77437FC0B120}.Debug|x64.Build.0 = Debug|x64
		{13515954-2EB6-4B07-B93A-77437FC0B120}.Debug|x86.ActiveCfg = Debug|x86
		{13515954-2EB6-4B07-B93A-77437FC0B120}.Debug|x86.Build.0 = Debug|x86
		{13515954-2EB6-4B07-B93A-77437FC0B120}.Release|Any CPU.ActiveCfg = Release|Any CPU
		{13515954-2EB6-4B07-B93A-77437FC0B120}.Release|Any CPU.Build.0 = Release|Any CPU
		{13515954-2EB6-4B07-B93A-77437FC0B120}.Release|ARM.ActiveCfg = Release|ARM
		{13515954-2EB6-4B07-B93A-77437FC0B120}.Release|ARM.Build.0 = Release|ARM
		{13515954-2EB6-4B07-B93A-77437FC0B120}.Release|ARM64.ActiveCfg = Release|ARM64
		{13515954-2EB6-4B07-B93A-77437FC0B120}.Release|ARM64.Build.0 = Release|ARM64
		{13515954-2EB6-4B07-B93A-77437FC0B120}.Release|x64.ActiveCfg = Release|x64
		{13515954-2EB6-4B07-B93A-77437FC0B120}.Release|x64.Build.0 = Release|x64
		{13515954-2EB6-4B07-B93A-77437FC0B120}.Release|x86.ActiveCfg = Release|x86
		{13515954-2EB6-4B07-B93A-77437FC0B120}.Release|x86.Build.0 = Release|x86
		{7A744059-AD7A-4BC6-BAC6-A46B6DD06206}.Debug|Any CPU.ActiveCfg = Debug|Any CPU
		{7A744059-AD7A-4BC6-BAC6-A46B6DD06206}.Debug|Any CPU.Build.0 = Debug|Any CPU
		{7A744059-AD7A-4BC6-BAC6-A46B6DD06206}.Debug|ARM.ActiveCfg = Debug|Any CPU
		{7A744059-AD7A-4BC6-BAC6-A46B6DD06206}.Debug|ARM.Build.0 = Debug|Any CPU
		{7A744059-AD7A-4BC6-BAC6-A46B6DD06206}.Debug|ARM64.ActiveCfg = Debug|Any CPU
		{7A744059-AD7A-4BC6-BAC6-A46B6DD06206}.Debug|ARM64.Build.0 = Debug|Any CPU
		{7A744059-AD7A-4BC6-BAC6-A46B6DD06206}.Debug|x64.ActiveCfg = Debug|Any CPU
		{7A744059-AD7A-4BC6-BAC6-A46B6DD06206}.Debug|x64.Build.0 = Debug|Any CPU
		{7A744059-AD7A-4BC6-BAC6-A46B6DD06206}.Debug|x86.ActiveCfg = Debug|Any CPU
		{7A744059-AD7A-4BC6-BAC6-A46B6DD06206}.Debug|x86.Build.0 = Debug|Any CPU
		{7A744059-AD7A-4BC6-BAC6-A46B6DD06206}.Release|Any CPU.ActiveCfg = Release|Any CPU
		{7A744059-AD7A-4BC6-BAC6-A46B6DD06206}.Release|Any CPU.Build.0 = Release|Any CPU
		{7A744059-AD7A-4BC6-BAC6-A46B6DD06206}.Release|ARM.ActiveCfg = Release|Any CPU
		{7A744059-AD7A-4BC6-BAC6-A46B6DD06206}.Release|ARM.Build.0 = Release|Any CPU
		{7A744059-AD7A-4BC6-BAC6-A46B6DD06206}.Release|ARM64.ActiveCfg = Release|Any CPU
		{7A744059-AD7A-4BC6-BAC6-A46B6DD06206}.Release|ARM64.Build.0 = Release|Any CPU
		{7A744059-AD7A-4BC6-BAC6-A46B6DD06206}.Release|x64.ActiveCfg = Release|Any CPU
		{7A744059-AD7A-4BC6-BAC6-A46B6DD06206}.Release|x64.Build.0 = Release|Any CPU
		{7A744059-AD7A-4BC6-BAC6-A46B6DD06206}.Release|x86.ActiveCfg = Release|Any CPU
		{7A744059-AD7A-4BC6-BAC6-A46B6DD06206}.Release|x86.Build.0 = Release|Any CPU
		{CE66933B-42F6-4880-963B-43EE74675852}.Debug|Any CPU.ActiveCfg = Debug|Any CPU
		{CE66933B-42F6-4880-963B-43EE74675852}.Debug|Any CPU.Build.0 = Debug|Any CPU
		{CE66933B-42F6-4880-963B-43EE74675852}.Debug|ARM.ActiveCfg = Debug|Any CPU
		{CE66933B-42F6-4880-963B-43EE74675852}.Debug|ARM.Build.0 = Debug|Any CPU
		{CE66933B-42F6-4880-963B-43EE74675852}.Debug|ARM64.ActiveCfg = Debug|Any CPU
		{CE66933B-42F6-4880-963B-43EE74675852}.Debug|ARM64.Build.0 = Debug|Any CPU
		{CE66933B-42F6-4880-963B-43EE74675852}.Debug|x64.ActiveCfg = Debug|Any CPU
		{CE66933B-42F6-4880-963B-43EE74675852}.Debug|x64.Build.0 = Debug|Any CPU
		{CE66933B-42F6-4880-963B-43EE74675852}.Debug|x86.ActiveCfg = Debug|Any CPU
		{CE66933B-42F6-4880-963B-43EE74675852}.Debug|x86.Build.0 = Debug|Any CPU
		{CE66933B-42F6-4880-963B-43EE74675852}.Release|Any CPU.ActiveCfg = Release|Any CPU
		{CE66933B-42F6-4880-963B-43EE74675852}.Release|Any CPU.Build.0 = Release|Any CPU
		{CE66933B-42F6-4880-963B-43EE74675852}.Release|ARM.ActiveCfg = Release|Any CPU
		{CE66933B-42F6-4880-963B-43EE74675852}.Release|ARM.Build.0 = Release|Any CPU
		{CE66933B-42F6-4880-963B-43EE74675852}.Release|ARM64.ActiveCfg = Release|Any CPU
		{CE66933B-42F6-4880-963B-43EE74675852}.Release|ARM64.Build.0 = Release|Any CPU
		{CE66933B-42F6-4880-963B-43EE74675852}.Release|x64.ActiveCfg = Release|Any CPU
		{CE66933B-42F6-4880-963B-43EE74675852}.Release|x64.Build.0 = Release|Any CPU
		{CE66933B-42F6-4880-963B-43EE74675852}.Release|x86.ActiveCfg = Release|Any CPU
		{CE66933B-42F6-4880-963B-43EE74675852}.Release|x86.Build.0 = Release|Any CPU
	EndGlobalSection
	GlobalSection(SolutionProperties) = preSolution
		HideSolutionNode = FALSE
	EndGlobalSection
	GlobalSection(NestedProjects) = preSolution
		{12E52318-91A7-46E0-8A18-0D8C5067961B} = {792895F7-73AF-41F3-B1A9-46D654816836}
		{047DE5C7-76F9-4343-8CB8-4EC716E04718} = {792895F7-73AF-41F3-B1A9-46D654816836}
		{D4A19A7D-9D35-43BE-8633-7B59B26B212F} = {792895F7-73AF-41F3-B1A9-46D654816836}
		{F6AFA230-B82B-431A-BC61-9F00A28914F8} = {6DE551AA-2F5D-4777-A9E5-CB6190320948}
		{1EBC26E4-61C8-4CEE-AA55-05DC55B96D25} = {6DE551AA-2F5D-4777-A9E5-CB6190320948}
		{F9DFF283-5097-4596-A4A1-D4A86E6C1F8D} = {6DE551AA-2F5D-4777-A9E5-CB6190320948}
		{59AB6DF9-47BB-4B4D-B75D-49F1E61AA4EB} = {F6AFA230-B82B-431A-BC61-9F00A28914F8}
		{36134387-BFEE-41A3-A4E3-1F6B3397DA05} = {12E52318-91A7-46E0-8A18-0D8C5067961B}
		{D6CE062F-7812-45B0-8115-797D2040F1A3} = {1EBC26E4-61C8-4CEE-AA55-05DC55B96D25}
		{86C2AC16-498D-4C76-B466-955087E842B8} = {047DE5C7-76F9-4343-8CB8-4EC716E04718}
		{0776143D-6F56-4358-AE2A-48978E68265C} = {F9DFF283-5097-4596-A4A1-D4A86E6C1F8D}
		{13515954-2EB6-4B07-B93A-77437FC0B120} = {F9DFF283-5097-4596-A4A1-D4A86E6C1F8D}
		{7A744059-AD7A-4BC6-BAC6-A46B6DD06206} = {D4A19A7D-9D35-43BE-8633-7B59B26B212F}
		{CE66933B-42F6-4880-963B-43EE74675852} = {D4A19A7D-9D35-43BE-8633-7B59B26B212F}
	EndGlobalSection
	GlobalSection(ExtensibilityGlobals) = postSolution
		SolutionGuid = {A48273CC-D199-41C9-8B5A-2C3C9DE92653}
	EndGlobalSection
EndGlobal
