
Microsoft Visual Studio Solution File, Format Version 12.00
# Visual Studio 15
VisualStudioVersion = 15.0.28307.960
MinimumVisualStudioVersion = 10.0.40219.1
Project("{FAE04EC0-301F-11D3-BF4B-00C04F79EFBC}") = "MVVM", "MVVM\MVVM.csproj", "{59AB6DF9-47BB-4B4D-B75D-49F1E61AA4EB}"
EndProject
Project("{FAE04EC0-301F-11D3-BF4B-00C04F79EFBC}") = "DF_Common", "DF_Common\DF_Common.csproj", "{36134387-BFEE-41A3-A4E3-1F6B3397DA05}"
EndProject
Project("{FAE04EC0-301F-11D3-BF4B-00C04F79EFBC}") = "Main_UWP", "Main_UWP\Main_UWP.csproj", "{D6CE062F-7812-45B0-8115-797D2040F1A3}"
EndProject
Project("{FAE04EC0-301F-11D3-BF4B-00C04F79EFBC}") = "Main_Form", "Main_Form\Main_Form.csproj", "{86C2AC16-498D-4C76-B466-955087E842B8}"
EndProject
Project("{2150E333-8FDC-42A3-9474-1A3956D46DE8}") = "90.Etude", "90.Etude", "{6652589B-8073-4AA9-AC59-B2A76C870A30}"
EndProject
Project("{9A19103F-16F7-4668-BE54-9A1E7A4F7556}") = "RazorPagesMovie", "RazorPagesMovie\RazorPagesMovie.csproj", "{2471C133-64BC-4D90-AB5A-E3765CFE118A}"
EndProject
Project("{9A19103F-16F7-4668-BE54-9A1E7A4F7556}") = "TodoApi", "TodoApi\TodoApi.csproj", "{74AAB7B2-9A39-4341-98F8-AEE5C05D8950}"
EndProject
Project("{FAE04EC0-301F-11D3-BF4B-00C04F79EFBC}") = "WpfWebApiClient", "WpfWebApiClient\WpfWebApiClient\WpfWebApiClient.csproj", "{DBC28B69-9CE0-49D9-8724-2920A589FB58}"
EndProject
Project("{2150E333-8FDC-42A3-9474-1A3956D46DE8}") = "00.Common", "00.Common", "{F83C6A59-6811-4733-8860-8A54A0D18920}"
EndProject
Project("{2150E333-8FDC-42A3-9474-1A3956D46DE8}") = "01.UWP_Common", "01.UWP_Common", "{6710AB5E-1F20-4019-A35F-ABDB9B3F00CD}"
EndProject
Project("{2150E333-8FDC-42A3-9474-1A3956D46DE8}") = "02.DFCommon", "02.DFCommon", "{1FD68703-5C52-48DD-8906-12D0E20117A9}"
EndProject
Project("{2150E333-8FDC-42A3-9474-1A3956D46DE8}") = "10.UI", "10.UI", "{3091D9F8-0DFB-4BCE-951E-98AB187DA5C2}"
EndProject
Project("{2150E333-8FDC-42A3-9474-1A3956D46DE8}") = "11.UWP", "11.UWP", "{73B02DF7-3A01-4340-8D13-9FB267F49E92}"
EndProject
Project("{2150E333-8FDC-42A3-9474-1A3956D46DE8}") = "12.Winform", "12.Winform", "{E9B1E8B2-9BBA-4983-A8C1-D743B0E9D56A}"
EndProject
Project("{2150E333-8FDC-42A3-9474-1A3956D46DE8}") = "20.Biz", "20.Biz", "{92C96DC2-E854-472A-B396-8BE9E2E23759}"
EndProject
Project("{2150E333-8FDC-42A3-9474-1A3956D46DE8}") = "21.WebApi", "21.WebApi", "{A2DEA9A0-5043-4DF9-8B28-C93AAB62FFE5}"
EndProject
Project("{2150E333-8FDC-42A3-9474-1A3956D46DE8}") = "22.BizModule", "22.BizModule", "{7073C48E-21F1-4B11-AF7C-99118AC4500B}"
EndProject
Project("{9A19103F-16F7-4668-BE54-9A1E7A4F7556}") = "WebApiService", "WebApiService\WebApiService.csproj", "{DD1A42C6-311E-40BB-AA18-0F83F77F246B}"
EndProject
Project("{9A19103F-16F7-4668-BE54-9A1E7A4F7556}") = "CommonBizModule", "CommonBizModule\CommonBizModule.csproj", "{42F51232-7777-4676-B32C-D9A8C27C6365}"
EndProject
Project("{2150E333-8FDC-42A3-9474-1A3956D46DE8}") = "23.DacModule", "23.DacModule", "{A4624B75-0715-4886-8E43-7FC7F12D96EB}"
EndProject
Project("{9A19103F-16F7-4668-BE54-9A1E7A4F7556}") = "CommonDacModule", "CommonDacModule\CommonDacModule.csproj", "{342E120C-EA45-41FB-8A4C-8B30C7BB59B8}"
EndProject
Project("{9A19103F-16F7-4668-BE54-9A1E7A4F7556}") = "BizCommon_Core", "BizCommon_Core\BizCommon_Core.csproj", "{E3E508FD-31DD-44CC-84E4-4CC1287A60D6}"
EndProject
Global
	GlobalSection(SolutionConfigurationPlatforms) = preSolution
		Debug|Any CPU = Debug|Any CPU
		Debug|ARM = Debug|ARM
		Debug|ARM64 = Debug|ARM64
		Debug|x64 = Debug|x64
		Debug|x86 = Debug|x86
		Release|Any CPU = Release|Any CPU
		Release|ARM = Release|ARM
		Release|ARM64 = Release|ARM64
		Release|x64 = Release|x64
		Release|x86 = Release|x86
	EndGlobalSection
	GlobalSection(ProjectConfigurationPlatforms) = postSolution
		{59AB6DF9-47BB-4B4D-B75D-49F1E61AA4EB}.Debug|Any CPU.ActiveCfg = Debug|Any CPU
		{59AB6DF9-47BB-4B4D-B75D-49F1E61AA4EB}.Debug|Any CPU.Build.0 = Debug|Any CPU
		{59AB6DF9-47BB-4B4D-B75D-49F1E61AA4EB}.Debug|ARM.ActiveCfg = Debug|ARM
		{59AB6DF9-47BB-4B4D-B75D-49F1E61AA4EB}.Debug|ARM.Build.0 = Debug|ARM
		{59AB6DF9-47BB-4B4D-B75D-49F1E61AA4EB}.Debug|ARM64.ActiveCfg = Debug|ARM64
		{59AB6DF9-47BB-4B4D-B75D-49F1E61AA4EB}.Debug|ARM64.Build.0 = Debug|ARM64
		{59AB6DF9-47BB-4B4D-B75D-49F1E61AA4EB}.Debug|x64.ActiveCfg = Debug|x64
		{59AB6DF9-47BB-4B4D-B75D-49F1E61AA4EB}.Debug|x64.Build.0 = Debug|x64
		{59AB6DF9-47BB-4B4D-B75D-49F1E61AA4EB}.Debug|x86.ActiveCfg = Debug|x86
		{59AB6DF9-47BB-4B4D-B75D-49F1E61AA4EB}.Debug|x86.Build.0 = Debug|x86
		{59AB6DF9-47BB-4B4D-B75D-49F1E61AA4EB}.Release|Any CPU.ActiveCfg = Release|Any CPU
		{59AB6DF9-47BB-4B4D-B75D-49F1E61AA4EB}.Release|Any CPU.Build.0 = Release|Any CPU
		{59AB6DF9-47BB-4B4D-B75D-49F1E61AA4EB}.Release|ARM.ActiveCfg = Release|ARM
		{59AB6DF9-47BB-4B4D-B75D-49F1E61AA4EB}.Release|ARM.Build.0 = Release|ARM
		{59AB6DF9-47BB-4B4D-B75D-49F1E61AA4EB}.Release|ARM64.ActiveCfg = Release|ARM64
		{59AB6DF9-47BB-4B4D-B75D-49F1E61AA4EB}.Release|ARM64.Build.0 = Release|ARM64
		{59AB6DF9-47BB-4B4D-B75D-49F1E61AA4EB}.Release|x64.ActiveCfg = Release|x64
		{59AB6DF9-47BB-4B4D-B75D-49F1E61AA4EB}.Release|x64.Build.0 = Release|x64
		{59AB6DF9-47BB-4B4D-B75D-49F1E61AA4EB}.Release|x86.ActiveCfg = Release|x86
		{59AB6DF9-47BB-4B4D-B75D-49F1E61AA4EB}.Release|x86.Build.0 = Release|x86
		{36134387-BFEE-41A3-A4E3-1F6B3397DA05}.Debug|Any CPU.ActiveCfg = Debug|Any CPU
		{36134387-BFEE-41A3-A4E3-1F6B3397DA05}.Debug|Any CPU.Build.0 = Debug|Any CPU
		{36134387-BFEE-41A3-A4E3-1F6B3397DA05}.Debug|ARM.ActiveCfg = Debug|Any CPU
		{36134387-BFEE-41A3-A4E3-1F6B3397DA05}.Debug|ARM.Build.0 = Debug|Any CPU
		{36134387-BFEE-41A3-A4E3-1F6B3397DA05}.Debug|ARM64.ActiveCfg = Debug|Any CPU
		{36134387-BFEE-41A3-A4E3-1F6B3397DA05}.Debug|ARM64.Build.0 = Debug|Any CPU
		{36134387-BFEE-41A3-A4E3-1F6B3397DA05}.Debug|x64.ActiveCfg = Debug|Any CPU
		{36134387-BFEE-41A3-A4E3-1F6B3397DA05}.Debug|x64.Build.0 = Debug|Any CPU
		{36134387-BFEE-41A3-A4E3-1F6B3397DA05}.Debug|x86.ActiveCfg = Debug|Any CPU
		{36134387-BFEE-41A3-A4E3-1F6B3397DA05}.Debug|x86.Build.0 = Debug|Any CPU
		{36134387-BFEE-41A3-A4E3-1F6B3397DA05}.Release|Any CPU.ActiveCfg = Release|Any CPU
		{36134387-BFEE-41A3-A4E3-1F6B3397DA05}.Release|Any CPU.Build.0 = Release|Any CPU
		{36134387-BFEE-41A3-A4E3-1F6B3397DA05}.Release|ARM.ActiveCfg = Release|Any CPU
		{36134387-BFEE-41A3-A4E3-1F6B3397DA05}.Release|ARM.Build.0 = Release|Any CPU
		{36134387-BFEE-41A3-A4E3-1F6B3397DA05}.Release|ARM64.ActiveCfg = Release|Any CPU
		{36134387-BFEE-41A3-A4E3-1F6B3397DA05}.Release|ARM64.Build.0 = Release|Any CPU
		{36134387-BFEE-41A3-A4E3-1F6B3397DA05}.Release|x64.ActiveCfg = Release|Any CPU
		{36134387-BFEE-41A3-A4E3-1F6B3397DA05}.Release|x64.Build.0 = Release|Any CPU
		{36134387-BFEE-41A3-A4E3-1F6B3397DA05}.Release|x86.ActiveCfg = Release|Any CPU
		{36134387-BFEE-41A3-A4E3-1F6B3397DA05}.Release|x86.Build.0 = Release|Any CPU
		{D6CE062F-7812-45B0-8115-797D2040F1A3}.Debug|Any CPU.ActiveCfg = Debug|x86
		{D6CE062F-7812-45B0-8115-797D2040F1A3}.Debug|Any CPU.Build.0 = Debug|x86
		{D6CE062F-7812-45B0-8115-797D2040F1A3}.Debug|Any CPU.Deploy.0 = Debug|x86
		{D6CE062F-7812-45B0-8115-797D2040F1A3}.Debug|ARM.ActiveCfg = Debug|ARM
		{D6CE062F-7812-45B0-8115-797D2040F1A3}.Debug|ARM.Build.0 = Debug|ARM
		{D6CE062F-7812-45B0-8115-797D2040F1A3}.Debug|ARM.Deploy.0 = Debug|ARM
		{D6CE062F-7812-45B0-8115-797D2040F1A3}.Debug|ARM64.ActiveCfg = Debug|ARM64
		{D6CE062F-7812-45B0-8115-797D2040F1A3}.Debug|ARM64.Build.0 = Debug|ARM64
		{D6CE062F-7812-45B0-8115-797D2040F1A3}.Debug|ARM64.Deploy.0 = Debug|ARM64
		{D6CE062F-7812-45B0-8115-797D2040F1A3}.Debug|x64.ActiveCfg = Debug|x64
		{D6CE062F-7812-45B0-8115-797D2040F1A3}.Debug|x64.Build.0 = Debug|x64
		{D6CE062F-7812-45B0-8115-797D2040F1A3}.Debug|x64.Deploy.0 = Debug|x64
		{D6CE062F-7812-45B0-8115-797D2040F1A3}.Debug|x86.ActiveCfg = Debug|x86
		{D6CE062F-7812-45B0-8115-797D2040F1A3}.Debug|x86.Build.0 = Debug|x86
		{D6CE062F-7812-45B0-8115-797D2040F1A3}.Debug|x86.Deploy.0 = Debug|x86
		{D6CE062F-7812-45B0-8115-797D2040F1A3}.Release|Any CPU.ActiveCfg = Release|x86
		{D6CE062F-7812-45B0-8115-797D2040F1A3}.Release|ARM.ActiveCfg = Release|ARM
		{D6CE062F-7812-45B0-8115-797D2040F1A3}.Release|ARM.Build.0 = Release|ARM
		{D6CE062F-7812-45B0-8115-797D2040F1A3}.Release|ARM.Deploy.0 = Release|ARM
		{D6CE062F-7812-45B0-8115-797D2040F1A3}.Release|ARM64.ActiveCfg = Release|ARM64
		{D6CE062F-7812-45B0-8115-797D2040F1A3}.Release|ARM64.Build.0 = Release|ARM64
		{D6CE062F-7812-45B0-8115-797D2040F1A3}.Release|ARM64.Deploy.0 = Release|ARM64
		{D6CE062F-7812-45B0-8115-797D2040F1A3}.Release|x64.ActiveCfg = Release|x64
		{D6CE062F-7812-45B0-8115-797D2040F1A3}.Release|x64.Build.0 = Release|x64
		{D6CE062F-7812-45B0-8115-797D2040F1A3}.Release|x64.Deploy.0 = Release|x64
		{D6CE062F-7812-45B0-8115-797D2040F1A3}.Release|x86.ActiveCfg = Release|x86
		{D6CE062F-7812-45B0-8115-797D2040F1A3}.Release|x86.Build.0 = Release|x86
		{D6CE062F-7812-45B0-8115-797D2040F1A3}.Release|x86.Deploy.0 = Release|x86
		{86C2AC16-498D-4C76-B466-955087E842B8}.Debug|Any CPU.ActiveCfg = Debug|Any CPU
		{86C2AC16-498D-4C76-B466-955087E842B8}.Debug|Any CPU.Build.0 = Debug|Any CPU
		{86C2AC16-498D-4C76-B466-955087E842B8}.Debug|ARM.ActiveCfg = Debug|Any CPU
		{86C2AC16-498D-4C76-B466-955087E842B8}.Debug|ARM.Build.0 = Debug|Any CPU
		{86C2AC16-498D-4C76-B466-955087E842B8}.Debug|ARM64.ActiveCfg = Debug|Any CPU
		{86C2AC16-498D-4C76-B466-955087E842B8}.Debug|ARM64.Build.0 = Debug|Any CPU
		{86C2AC16-498D-4C76-B466-955087E842B8}.Debug|x64.ActiveCfg = Debug|Any CPU
		{86C2AC16-498D-4C76-B466-955087E842B8}.Debug|x64.Build.0 = Debug|Any CPU
		{86C2AC16-498D-4C76-B466-955087E842B8}.Debug|x86.ActiveCfg = Debug|Any CPU
		{86C2AC16-498D-4C76-B466-955087E842B8}.Debug|x86.Build.0 = Debug|Any CPU
		{86C2AC16-498D-4C76-B466-955087E842B8}.Release|Any CPU.ActiveCfg = Release|Any CPU
		{86C2AC16-498D-4C76-B466-955087E842B8}.Release|Any CPU.Build.0 = Release|Any CPU
		{86C2AC16-498D-4C76-B466-955087E842B8}.Release|ARM.ActiveCfg = Release|Any CPU
		{86C2AC16-498D-4C76-B466-955087E842B8}.Release|ARM.Build.0 = Release|Any CPU
		{86C2AC16-498D-4C76-B466-955087E842B8}.Release|ARM64.ActiveCfg = Release|Any CPU
		{86C2AC16-498D-4C76-B466-955087E842B8}.Release|ARM64.Build.0 = Release|Any CPU
		{86C2AC16-498D-4C76-B466-955087E842B8}.Release|x64.ActiveCfg = Release|Any CPU
		{86C2AC16-498D-4C76-B466-955087E842B8}.Release|x64.Build.0 = Release|Any CPU
		{86C2AC16-498D-4C76-B466-955087E842B8}.Release|x86.ActiveCfg = Release|Any CPU
		{86C2AC16-498D-4C76-B466-955087E842B8}.Release|x86.Build.0 = Release|Any CPU
		{2471C133-64BC-4D90-AB5A-E3765CFE118A}.Debug|Any CPU.ActiveCfg = Debug|Any CPU
		{2471C133-64BC-4D90-AB5A-E3765CFE118A}.Debug|Any CPU.Build.0 = Debug|Any CPU
		{2471C133-64BC-4D90-AB5A-E3765CFE118A}.Debug|ARM.ActiveCfg = Debug|Any CPU
		{2471C133-64BC-4D90-AB5A-E3765CFE118A}.Debug|ARM.Build.0 = Debug|Any CPU
		{2471C133-64BC-4D90-AB5A-E3765CFE118A}.Debug|ARM64.ActiveCfg = Debug|Any CPU
		{2471C133-64BC-4D90-AB5A-E3765CFE118A}.Debug|ARM64.Build.0 = Debug|Any CPU
		{2471C133-64BC-4D90-AB5A-E3765CFE118A}.Debug|x64.ActiveCfg = Debug|Any CPU
		{2471C133-64BC-4D90-AB5A-E3765CFE118A}.Debug|x64.Build.0 = Debug|Any CPU
		{2471C133-64BC-4D90-AB5A-E3765CFE118A}.Debug|x86.ActiveCfg = Debug|Any CPU
		{2471C133-64BC-4D90-AB5A-E3765CFE118A}.Debug|x86.Build.0 = Debug|Any CPU
		{2471C133-64BC-4D90-AB5A-E3765CFE118A}.Release|Any CPU.ActiveCfg = Release|Any CPU
		{2471C133-64BC-4D90-AB5A-E3765CFE118A}.Release|Any CPU.Build.0 = Release|Any CPU
		{2471C133-64BC-4D90-AB5A-E3765CFE118A}.Release|ARM.ActiveCfg = Release|Any CPU
		{2471C133-64BC-4D90-AB5A-E3765CFE118A}.Release|ARM.Build.0 = Release|Any CPU
		{2471C133-64BC-4D90-AB5A-E3765CFE118A}.Release|ARM64.ActiveCfg = Release|Any CPU
		{2471C133-64BC-4D90-AB5A-E3765CFE118A}.Release|ARM64.Build.0 = Release|Any CPU
		{2471C133-64BC-4D90-AB5A-E3765CFE118A}.Release|x64.ActiveCfg = Release|Any CPU
		{2471C133-64BC-4D90-AB5A-E3765CFE118A}.Release|x64.Build.0 = Release|Any CPU
		{2471C133-64BC-4D90-AB5A-E3765CFE118A}.Release|x86.ActiveCfg = Release|Any CPU
		{2471C133-64BC-4D90-AB5A-E3765CFE118A}.Release|x86.Build.0 = Release|Any CPU
		{74AAB7B2-9A39-4341-98F8-AEE5C05D8950}.Debug|Any CPU.ActiveCfg = Debug|Any CPU
		{74AAB7B2-9A39-4341-98F8-AEE5C05D8950}.Debug|Any CPU.Build.0 = Debug|Any CPU
		{74AAB7B2-9A39-4341-98F8-AEE5C05D8950}.Debug|ARM.ActiveCfg = Debug|Any CPU
		{74AAB7B2-9A39-4341-98F8-AEE5C05D8950}.Debug|ARM.Build.0 = Debug|Any CPU
		{74AAB7B2-9A39-4341-98F8-AEE5C05D8950}.Debug|ARM64.ActiveCfg = Debug|Any CPU
		{74AAB7B2-9A39-4341-98F8-AEE5C05D8950}.Debug|ARM64.Build.0 = Debug|Any CPU
		{74AAB7B2-9A39-4341-98F8-AEE5C05D8950}.Debug|x64.ActiveCfg = Debug|Any CPU
		{74AAB7B2-9A39-4341-98F8-AEE5C05D8950}.Debug|x64.Build.0 = Debug|Any CPU
		{74AAB7B2-9A39-4341-98F8-AEE5C05D8950}.Debug|x86.ActiveCfg = Debug|Any CPU
		{74AAB7B2-9A39-4341-98F8-AEE5C05D8950}.Debug|x86.Build.0 = Debug|Any CPU
		{74AAB7B2-9A39-4341-98F8-AEE5C05D8950}.Release|Any CPU.ActiveCfg = Release|Any CPU
		{74AAB7B2-9A39-4341-98F8-AEE5C05D8950}.Release|Any CPU.Build.0 = Release|Any CPU
		{74AAB7B2-9A39-4341-98F8-AEE5C05D8950}.Release|ARM.ActiveCfg = Release|Any CPU
		{74AAB7B2-9A39-4341-98F8-AEE5C05D8950}.Release|ARM.Build.0 = Release|Any CPU
		{74AAB7B2-9A39-4341-98F8-AEE5C05D8950}.Release|ARM64.ActiveCfg = Release|Any CPU
		{74AAB7B2-9A39-4341-98F8-AEE5C05D8950}.Release|ARM64.Build.0 = Release|Any CPU
		{74AAB7B2-9A39-4341-98F8-AEE5C05D8950}.Release|x64.ActiveCfg = Release|Any CPU
		{74AAB7B2-9A39-4341-98F8-AEE5C05D8950}.Release|x64.Build.0 = Release|Any CPU
		{74AAB7B2-9A39-4341-98F8-AEE5C05D8950}.Release|x86.ActiveCfg = Release|Any CPU
		{74AAB7B2-9A39-4341-98F8-AEE5C05D8950}.Release|x86.Build.0 = Release|Any CPU
		{DBC28B69-9CE0-49D9-8724-2920A589FB58}.Debug|Any CPU.ActiveCfg = Debug|Any CPU
		{DBC28B69-9CE0-49D9-8724-2920A589FB58}.Debug|Any CPU.Build.0 = Debug|Any CPU
		{DBC28B69-9CE0-49D9-8724-2920A589FB58}.Debug|ARM.ActiveCfg = Debug|Any CPU
		{DBC28B69-9CE0-49D9-8724-2920A589FB58}.Debug|ARM.Build.0 = Debug|Any CPU
		{DBC28B69-9CE0-49D9-8724-2920A589FB58}.Debug|ARM64.ActiveCfg = Debug|Any CPU
		{DBC28B69-9CE0-49D9-8724-2920A589FB58}.Debug|ARM64.Build.0 = Debug|Any CPU
		{DBC28B69-9CE0-49D9-8724-2920A589FB58}.Debug|x64.ActiveCfg = Debug|Any CPU
		{DBC28B69-9CE0-49D9-8724-2920A589FB58}.Debug|x64.Build.0 = Debug|Any CPU
		{DBC28B69-9CE0-49D9-8724-2920A589FB58}.Debug|x86.ActiveCfg = Debug|Any CPU
		{DBC28B69-9CE0-49D9-8724-2920A589FB58}.Debug|x86.Build.0 = Debug|Any CPU
		{DBC28B69-9CE0-49D9-8724-2920A589FB58}.Release|Any CPU.ActiveCfg = Release|Any CPU
		{DBC28B69-9CE0-49D9-8724-2920A589FB58}.Release|Any CPU.Build.0 = Release|Any CPU
		{DBC28B69-9CE0-49D9-8724-2920A589FB58}.Release|ARM.ActiveCfg = Release|Any CPU
		{DBC28B69-9CE0-49D9-8724-2920A589FB58}.Release|ARM.Build.0 = Release|Any CPU
		{DBC28B69-9CE0-49D9-8724-2920A589FB58}.Release|ARM64.ActiveCfg = Release|Any CPU
		{DBC28B69-9CE0-49D9-8724-2920A589FB58}.Release|ARM64.Build.0 = Release|Any CPU
		{DBC28B69-9CE0-49D9-8724-2920A589FB58}.Release|x64.ActiveCfg = Release|Any CPU
		{DBC28B69-9CE0-49D9-8724-2920A589FB58}.Release|x64.Build.0 = Release|Any CPU
		{DBC28B69-9CE0-49D9-8724-2920A589FB58}.Release|x86.ActiveCfg = Release|Any CPU
		{DBC28B69-9CE0-49D9-8724-2920A589FB58}.Release|x86.Build.0 = Release|Any CPU
		{DD1A42C6-311E-40BB-AA18-0F83F77F246B}.Debug|Any CPU.ActiveCfg = Debug|Any CPU
		{DD1A42C6-311E-40BB-AA18-0F83F77F246B}.Debug|Any CPU.Build.0 = Debug|Any CPU
		{DD1A42C6-311E-40BB-AA18-0F83F77F246B}.Debug|ARM.ActiveCfg = Debug|Any CPU
		{DD1A42C6-311E-40BB-AA18-0F83F77F246B}.Debug|ARM.Build.0 = Debug|Any CPU
		{DD1A42C6-311E-40BB-AA18-0F83F77F246B}.Debug|ARM64.ActiveCfg = Debug|Any CPU
		{DD1A42C6-311E-40BB-AA18-0F83F77F246B}.Debug|ARM64.Build.0 = Debug|Any CPU
		{DD1A42C6-311E-40BB-AA18-0F83F77F246B}.Debug|x64.ActiveCfg = Debug|Any CPU
		{DD1A42C6-311E-40BB-AA18-0F83F77F246B}.Debug|x64.Build.0 = Debug|Any CPU
		{DD1A42C6-311E-40BB-AA18-0F83F77F246B}.Debug|x86.ActiveCfg = Debug|Any CPU
		{DD1A42C6-311E-40BB-AA18-0F83F77F246B}.Debug|x86.Build.0 = Debug|Any CPU
		{DD1A42C6-311E-40BB-AA18-0F83F77F246B}.Release|Any CPU.ActiveCfg = Release|Any CPU
		{DD1A42C6-311E-40BB-AA18-0F83F77F246B}.Release|Any CPU.Build.0 = Release|Any CPU
		{DD1A42C6-311E-40BB-AA18-0F83F77F246B}.Release|ARM.ActiveCfg = Release|Any CPU
		{DD1A42C6-311E-40BB-AA18-0F83F77F246B}.Release|ARM.Build.0 = Release|Any CPU
		{DD1A42C6-311E-40BB-AA18-0F83F77F246B}.Release|ARM64.ActiveCfg = Release|Any CPU
		{DD1A42C6-311E-40BB-AA18-0F83F77F246B}.Release|ARM64.Build.0 = Release|Any CPU
		{DD1A42C6-311E-40BB-AA18-0F83F77F246B}.Release|x64.ActiveCfg = Release|Any CPU
		{DD1A42C6-311E-40BB-AA18-0F83F77F246B}.Release|x64.Build.0 = Release|Any CPU
		{DD1A42C6-311E-40BB-AA18-0F83F77F246B}.Release|x86.ActiveCfg = Release|Any CPU
		{DD1A42C6-311E-40BB-AA18-0F83F77F246B}.Release|x86.Build.0 = Release|Any CPU
		{42F51232-7777-4676-B32C-D9A8C27C6365}.Debug|Any CPU.ActiveCfg = Debug|Any CPU
		{42F51232-7777-4676-B32C-D9A8C27C6365}.Debug|Any CPU.Build.0 = Debug|Any CPU
		{42F51232-7777-4676-B32C-D9A8C27C6365}.Debug|ARM.ActiveCfg = Debug|Any CPU
		{42F51232-7777-4676-B32C-D9A8C27C6365}.Debug|ARM.Build.0 = Debug|Any CPU
		{42F51232-7777-4676-B32C-D9A8C27C6365}.Debug|ARM64.ActiveCfg = Debug|Any CPU
		{42F51232-7777-4676-B32C-D9A8C27C6365}.Debug|ARM64.Build.0 = Debug|Any CPU
		{42F51232-7777-4676-B32C-D9A8C27C6365}.Debug|x64.ActiveCfg = Debug|Any CPU
		{42F51232-7777-4676-B32C-D9A8C27C6365}.Debug|x64.Build.0 = Debug|Any CPU
		{42F51232-7777-4676-B32C-D9A8C27C6365}.Debug|x86.ActiveCfg = Debug|Any CPU
		{42F51232-7777-4676-B32C-D9A8C27C6365}.Debug|x86.Build.0 = Debug|Any CPU
		{42F51232-7777-4676-B32C-D9A8C27C6365}.Release|Any CPU.ActiveCfg = Release|Any CPU
		{42F51232-7777-4676-B32C-D9A8C27C6365}.Release|Any CPU.Build.0 = Release|Any CPU
		{42F51232-7777-4676-B32C-D9A8C27C6365}.Release|ARM.ActiveCfg = Release|Any CPU
		{42F51232-7777-4676-B32C-D9A8C27C6365}.Release|ARM.Build.0 = Release|Any CPU
		{42F51232-7777-4676-B32C-D9A8C27C6365}.Release|ARM64.ActiveCfg = Release|Any CPU
		{42F51232-7777-4676-B32C-D9A8C27C6365}.Release|ARM64.Build.0 = Release|Any CPU
		{42F51232-7777-4676-B32C-D9A8C27C6365}.Release|x64.ActiveCfg = Release|Any CPU
		{42F51232-7777-4676-B32C-D9A8C27C6365}.Release|x64.Build.0 = Release|Any CPU
		{42F51232-7777-4676-B32C-D9A8C27C6365}.Release|x86.ActiveCfg = Release|Any CPU
		{42F51232-7777-4676-B32C-D9A8C27C6365}.Release|x86.Build.0 = Release|Any CPU
		{342E120C-EA45-41FB-8A4C-8B30C7BB59B8}.Debug|Any CPU.ActiveCfg = Debug|Any CPU
		{342E120C-EA45-41FB-8A4C-8B30C7BB59B8}.Debug|Any CPU.Build.0 = Debug|Any CPU
		{342E120C-EA45-41FB-8A4C-8B30C7BB59B8}.Debug|ARM.ActiveCfg = Debug|Any CPU
		{342E120C-EA45-41FB-8A4C-8B30C7BB59B8}.Debug|ARM.Build.0 = Debug|Any CPU
		{342E120C-EA45-41FB-8A4C-8B30C7BB59B8}.Debug|ARM64.ActiveCfg = Debug|Any CPU
		{342E120C-EA45-41FB-8A4C-8B30C7BB59B8}.Debug|ARM64.Build.0 = Debug|Any CPU
		{342E120C-EA45-41FB-8A4C-8B30C7BB59B8}.Debug|x64.ActiveCfg = Debug|Any CPU
		{342E120C-EA45-41FB-8A4C-8B30C7BB59B8}.Debug|x64.Build.0 = Debug|Any CPU
		{342E120C-EA45-41FB-8A4C-8B30C7BB59B8}.Debug|x86.ActiveCfg = Debug|Any CPU
		{342E120C-EA45-41FB-8A4C-8B30C7BB59B8}.Debug|x86.Build.0 = Debug|Any CPU
		{342E120C-EA45-41FB-8A4C-8B30C7BB59B8}.Release|Any CPU.ActiveCfg = Release|Any CPU
		{342E120C-EA45-41FB-8A4C-8B30C7BB59B8}.Release|Any CPU.Build.0 = Release|Any CPU
		{342E120C-EA45-41FB-8A4C-8B30C7BB59B8}.Release|ARM.ActiveCfg = Release|Any CPU
		{342E120C-EA45-41FB-8A4C-8B30C7BB59B8}.Release|ARM.Build.0 = Release|Any CPU
		{342E120C-EA45-41FB-8A4C-8B30C7BB59B8}.Release|ARM64.ActiveCfg = Release|Any CPU
		{342E120C-EA45-41FB-8A4C-8B30C7BB59B8}.Release|ARM64.Build.0 = Release|Any CPU
		{342E120C-EA45-41FB-8A4C-8B30C7BB59B8}.Release|x64.ActiveCfg = Release|Any CPU
		{342E120C-EA45-41FB-8A4C-8B30C7BB59B8}.Release|x64.Build.0 = Release|Any CPU
		{342E120C-EA45-41FB-8A4C-8B30C7BB59B8}.Release|x86.ActiveCfg = Release|Any CPU
		{342E120C-EA45-41FB-8A4C-8B30C7BB59B8}.Release|x86.Build.0 = Release|Any CPU
		{E3E508FD-31DD-44CC-84E4-4CC1287A60D6}.Debug|Any CPU.ActiveCfg = Debug|Any CPU
		{E3E508FD-31DD-44CC-84E4-4CC1287A60D6}.Debug|Any CPU.Build.0 = Debug|Any CPU
		{E3E508FD-31DD-44CC-84E4-4CC1287A60D6}.Debug|ARM.ActiveCfg = Debug|Any CPU
		{E3E508FD-31DD-44CC-84E4-4CC1287A60D6}.Debug|ARM.Build.0 = Debug|Any CPU
		{E3E508FD-31DD-44CC-84E4-4CC1287A60D6}.Debug|ARM64.ActiveCfg = Debug|Any CPU
		{E3E508FD-31DD-44CC-84E4-4CC1287A60D6}.Debug|ARM64.Build.0 = Debug|Any CPU
		{E3E508FD-31DD-44CC-84E4-4CC1287A60D6}.Debug|x64.ActiveCfg = Debug|Any CPU
		{E3E508FD-31DD-44CC-84E4-4CC1287A60D6}.Debug|x64.Build.0 = Debug|Any CPU
		{E3E508FD-31DD-44CC-84E4-4CC1287A60D6}.Debug|x86.ActiveCfg = Debug|Any CPU
		{E3E508FD-31DD-44CC-84E4-4CC1287A60D6}.Debug|x86.Build.0 = Debug|Any CPU
		{E3E508FD-31DD-44CC-84E4-4CC1287A60D6}.Release|Any CPU.ActiveCfg = Release|Any CPU
		{E3E508FD-31DD-44CC-84E4-4CC1287A60D6}.Release|Any CPU.Build.0 = Release|Any CPU
		{E3E508FD-31DD-44CC-84E4-4CC1287A60D6}.Release|ARM.ActiveCfg = Release|Any CPU
		{E3E508FD-31DD-44CC-84E4-4CC1287A60D6}.Release|ARM.Build.0 = Release|Any CPU
		{E3E508FD-31DD-44CC-84E4-4CC1287A60D6}.Release|ARM64.ActiveCfg = Release|Any CPU
		{E3E508FD-31DD-44CC-84E4-4CC1287A60D6}.Release|ARM64.Build.0 = Release|Any CPU
		{E3E508FD-31DD-44CC-84E4-4CC1287A60D6}.Release|x64.ActiveCfg = Release|Any CPU
		{E3E508FD-31DD-44CC-84E4-4CC1287A60D6}.Release|x64.Build.0 = Release|Any CPU
		{E3E508FD-31DD-44CC-84E4-4CC1287A60D6}.Release|x86.ActiveCfg = Release|Any CPU
		{E3E508FD-31DD-44CC-84E4-4CC1287A60D6}.Release|x86.Build.0 = Release|Any CPU
	EndGlobalSection
	GlobalSection(SolutionProperties) = preSolution
		HideSolutionNode = FALSE
	EndGlobalSection
	GlobalSection(NestedProjects) = preSolution
		{59AB6DF9-47BB-4B4D-B75D-49F1E61AA4EB} = {6710AB5E-1F20-4019-A35F-ABDB9B3F00CD}
		{36134387-BFEE-41A3-A4E3-1F6B3397DA05} = {1FD68703-5C52-48DD-8906-12D0E20117A9}
		{D6CE062F-7812-45B0-8115-797D2040F1A3} = {73B02DF7-3A01-4340-8D13-9FB267F49E92}
		{86C2AC16-498D-4C76-B466-955087E842B8} = {E9B1E8B2-9BBA-4983-A8C1-D743B0E9D56A}
		{2471C133-64BC-4D90-AB5A-E3765CFE118A} = {6652589B-8073-4AA9-AC59-B2A76C870A30}
		{74AAB7B2-9A39-4341-98F8-AEE5C05D8950} = {6652589B-8073-4AA9-AC59-B2A76C870A30}
		{DBC28B69-9CE0-49D9-8724-2920A589FB58} = {6652589B-8073-4AA9-AC59-B2A76C870A30}
		{6710AB5E-1F20-4019-A35F-ABDB9B3F00CD} = {F83C6A59-6811-4733-8860-8A54A0D18920}
		{1FD68703-5C52-48DD-8906-12D0E20117A9} = {F83C6A59-6811-4733-8860-8A54A0D18920}
		{73B02DF7-3A01-4340-8D13-9FB267F49E92} = {3091D9F8-0DFB-4BCE-951E-98AB187DA5C2}
		{E9B1E8B2-9BBA-4983-A8C1-D743B0E9D56A} = {3091D9F8-0DFB-4BCE-951E-98AB187DA5C2}
		{A2DEA9A0-5043-4DF9-8B28-C93AAB62FFE5} = {92C96DC2-E854-472A-B396-8BE9E2E23759}
		{7073C48E-21F1-4B11-AF7C-99118AC4500B} = {92C96DC2-E854-472A-B396-8BE9E2E23759}
		{DD1A42C6-311E-40BB-AA18-0F83F77F246B} = {A2DEA9A0-5043-4DF9-8B28-C93AAB62FFE5}
		{42F51232-7777-4676-B32C-D9A8C27C6365} = {7073C48E-21F1-4B11-AF7C-99118AC4500B}
		{A4624B75-0715-4886-8E43-7FC7F12D96EB} = {92C96DC2-E854-472A-B396-8BE9E2E23759}
		{342E120C-EA45-41FB-8A4C-8B30C7BB59B8} = {A4624B75-0715-4886-8E43-7FC7F12D96EB}
		{E3E508FD-31DD-44CC-84E4-4CC1287A60D6} = {6710AB5E-1F20-4019-A35F-ABDB9B3F00CD}
	EndGlobalSection
	GlobalSection(ExtensibilityGlobals) = postSolution
		SolutionGuid = {A48273CC-D199-41C9-8B5A-2C3C9DE92653}
	EndGlobalSection
EndGlobal
